// !$*UTF8*$!
{
	archiveVersion = 1;
	classes = {
	};
	objectVersion = 50;
	objects = {

/* Begin PBXBuildFile section */
		839CB77D24CC72790061D92E /* AppDelegate.swift in Sources */ = {isa = PBXBuildFile; fileRef = 839CB77C24CC72790061D92E /* AppDelegate.swift */; };
		839CB77F24CC72790061D92E /* SceneDelegate.swift in Sources */ = {isa = PBXBuildFile; fileRef = 839CB77E24CC72790061D92E /* SceneDelegate.swift */; };
		839CB78124CC72790061D92E /* ContentView.swift in Sources */ = {isa = PBXBuildFile; fileRef = 839CB78024CC72790061D92E /* ContentView.swift */; };
		839CB78324CC727C0061D92E /* Assets.xcassets in Resources */ = {isa = PBXBuildFile; fileRef = 839CB78224CC727C0061D92E /* Assets.xcassets */; };
		839CB78624CC727C0061D92E /* Preview Assets.xcassets in Resources */ = {isa = PBXBuildFile; fileRef = 839CB78524CC727C0061D92E /* Preview Assets.xcassets */; };
		839CB78924CC727C0061D92E /* LaunchScreen.storyboard in Resources */ = {isa = PBXBuildFile; fileRef = 839CB78724CC727C0061D92E /* LaunchScreen.storyboard */; };
		83E99BE124CC7E2600F35702 /* SliderView.swift in Sources */ = {isa = PBXBuildFile; fileRef = 83E99BE024CC7E2600F35702 /* SliderView.swift */; };
/* End PBXBuildFile section */

/* Begin PBXFileReference section */
		839CB77924CC72790061D92E /* ColorColorPaletteSwiftUIDemo.app */ = {isa = PBXFileReference; explicitFileType = wrapper.application; includeInIndex = 0; path = ColorColorPaletteSwiftUIDemo.app; sourceTree = BUILT_PRODUCTS_DIR; };
		839CB77C24CC72790061D92E /* AppDelegate.swift */ = {isa = PBXFileReference; lastKnownFileType = sourcecode.swift; path = AppDelegate.swift; sourceTree = "<group>"; };
		839CB77E24CC72790061D92E /* SceneDelegate.swift */ = {isa = PBXFileReference; lastKnownFileType = sourcecode.swift; path = SceneDelegate.swift; sourceTree = "<group>"; };
		839CB78024CC72790061D92E /* ContentView.swift */ = {isa = PBXFileReference; lastKnownFileType = sourcecode.swift; path = ContentView.swift; sourceTree = "<group>"; };
		839CB78224CC727C0061D92E /* Assets.xcassets */ = {isa = PBXFileReference; lastKnownFileType = folder.assetcatalog; path = Assets.xcassets; sourceTree = "<group>"; };
		839CB78524CC727C0061D92E /* Preview Assets.xcassets */ = {isa = PBXFileReference; lastKnownFileType = folder.assetcatalog; path = "Preview Assets.xcassets"; sourceTree = "<group>"; };
		839CB78824CC727C0061D92E /* Base */ = {isa = PBXFileReference; lastKnownFileType = file.storyboard; name = Base; path = Base.lproj/LaunchScreen.storyboard; sourceTree = "<group>"; };
		839CB78A24CC727C0061D92E /* Info.plist */ = {isa = PBXFileReference; lastKnownFileType = text.plist.xml; path = Info.plist; sourceTree = "<group>"; };
		83E99BE024CC7E2600F35702 /* SliderView.swift */ = {isa = PBXFileReference; lastKnownFileType = sourcecode.swift; path = SliderView.swift; sourceTree = "<group>"; };
/* End PBXFileReference section */

/* Begin PBXFrameworksBuildPhase section */
		839CB77624CC72790061D92E /* Frameworks */ = {
			isa = PBXFrameworksBuildPhase;
			buildActionMask = 2147483647;
			files = (
			);
			runOnlyForDeploymentPostprocessing = 0;
		};
/* End PBXFrameworksBuildPhase section */

/* Begin PBXGroup section */
		839CB77024CC72790061D92E = {
			isa = PBXGroup;
			children = (
				839CB77B24CC72790061D92E /* ColorPaletteSwiftUIDemo */,
				839CB77A24CC72790061D92E /* Products */,
			);
			sourceTree = "<group>";
		};
		839CB77A24CC72790061D92E /* Products */ = {
			isa = PBXGroup;
			children = (
				839CB77924CC72790061D92E /* ColorColorPaletteSwiftUIDemo.app */,
			);
			name = Products;
			sourceTree = "<group>";
		};
		839CB77B24CC72790061D92E /* ColorPaletteSwiftUIDemo */ = {
			isa = PBXGroup;
			children = (
				83E99BDD24CC760100F35702 /* Views */,
				83E99BDE24CC760D00F35702 /* SupportingFiles */,
				83E99BDF24CC765400F35702 /* Resources */,
				839CB78424CC727C0061D92E /* Preview Content */,
			);
			path = ColorPaletteSwiftUIDemo;
			sourceTree = "<group>";
		};
		839CB78424CC727C0061D92E /* Preview Content */ = {
			isa = PBXGroup;
			children = (
				839CB78524CC727C0061D92E /* Preview Assets.xcassets */,
			);
			path = "Preview Content";
			sourceTree = "<group>";
		};
		83E99BDD24CC760100F35702 /* Views */ = {
			isa = PBXGroup;
			children = (
				839CB78024CC72790061D92E /* ContentView.swift */,
				83E99BE024CC7E2600F35702 /* SliderView.swift */,
				839CB78724CC727C0061D92E /* LaunchScreen.storyboard */,
			);
			path = Views;
			sourceTree = "<group>";
		};
		83E99BDE24CC760D00F35702 /* SupportingFiles */ = {
			isa = PBXGroup;
			children = (
				839CB77C24CC72790061D92E /* AppDelegate.swift */,
				839CB77E24CC72790061D92E /* SceneDelegate.swift */,
				839CB78A24CC727C0061D92E /* Info.plist */,
			);
			path = SupportingFiles;
			sourceTree = "<group>";
		};
		83E99BDF24CC765400F35702 /* Resources */ = {
			isa = PBXGroup;
			children = (
				839CB78224CC727C0061D92E /* Assets.xcassets */,
			);
			path = Resources;
			sourceTree = "<group>";
		};
/* End PBXGroup section */

/* Begin PBXNativeTarget section */
		839CB77824CC72790061D92E /* ColorPaletteSwiftUIDemo */ = {
			isa = PBXNativeTarget;
			buildConfigurationList = 839CB78D24CC727C0061D92E /* Build configuration list for PBXNativeTarget "ColorPaletteSwiftUIDemo" */;
			buildPhases = (
				839CB77524CC72790061D92E /* Sources */,
				839CB77624CC72790061D92E /* Frameworks */,
				839CB77724CC72790061D92E /* Resources */,
			);
			buildRules = (
			);
			dependencies = (
			);
			name = ColorPaletteSwiftUIDemo;
			productName = PaletteSwiftUIDemo;
			productReference = 839CB77924CC72790061D92E /* ColorColorPaletteSwiftUIDemo.app */;
			productType = "com.apple.product-type.application";
		};
/* End PBXNativeTarget section */

/* Begin PBXProject section */
		839CB77124CC72790061D92E /* Project object */ = {
			isa = PBXProject;
			attributes = {
				LastSwiftUpdateCheck = 1160;
				LastUpgradeCheck = 1160;
				ORGANIZATIONNAME = edlar.ru;
				TargetAttributes = {
					839CB77824CC72790061D92E = {
						CreatedOnToolsVersion = 11.6;
					};
				};
			};
			buildConfigurationList = 839CB77424CC72790061D92E /* Build configuration list for PBXProject "ColorPaletteSwiftUIDemo" */;
			compatibilityVersion = "Xcode 9.3";
			developmentRegion = en;
			hasScannedForEncodings = 0;
			knownRegions = (
				en,
				Base,
			);
			mainGroup = 839CB77024CC72790061D92E;
			productRefGroup = 839CB77A24CC72790061D92E /* Products */;
			projectDirPath = "";
			projectRoot = "";
			targets = (
				839CB77824CC72790061D92E /* ColorPaletteSwiftUIDemo */,
			);
		};
/* End PBXProject section */

/* Begin PBXResourcesBuildPhase section */
		839CB77724CC72790061D92E /* Resources */ = {
			isa = PBXResourcesBuildPhase;
			buildActionMask = 2147483647;
			files = (
				839CB78924CC727C0061D92E /* LaunchScreen.storyboard in Resources */,
				839CB78624CC727C0061D92E /* Preview Assets.xcassets in Resources */,
				839CB78324CC727C0061D92E /* Assets.xcassets in Resources */,
			);
			runOnlyForDeploymentPostprocessing = 0;
		};
/* End PBXResourcesBuildPhase section */

/* Begin PBXSourcesBuildPhase section */
		839CB77524CC72790061D92E /* Sources */ = {
			isa = PBXSourcesBuildPhase;
			buildActionMask = 2147483647;
			files = (
				839CB77D24CC72790061D92E /* AppDelegate.swift in Sources */,
				83E99BE124CC7E2600F35702 /* SliderView.swift in Sources */,
				839CB77F24CC72790061D92E /* SceneDelegate.swift in Sources */,
				839CB78124CC72790061D92E /* ContentView.swift in Sources */,
			);
			runOnlyForDeploymentPostprocessing = 0;
		};
/* End PBXSourcesBuildPhase section */

/* Begin PBXVariantGroup section */
		839CB78724CC727C0061D92E /* LaunchScreen.storyboard */ = {
			isa = PBXVariantGroup;
			children = (
				839CB78824CC727C0061D92E /* Base */,
			);
			name = LaunchScreen.storyboard;
			sourceTree = "<group>";
		};
/* End PBXVariantGroup section */

/* Begin XCBuildConfiguration section */
		839CB78B24CC727C0061D92E /* Debug */ = {
			isa = XCBuildConfiguration;
			buildSettings = {
				ALWAYS_SEARCH_USER_PATHS = NO;
				CLANG_ANALYZER_NONNULL = YES;
				CLANG_ANALYZER_NUMBER_OBJECT_CONVERSION = YES_AGGRESSIVE;
				CLANG_CXX_LANGUAGE_STANDARD = "gnu++14";
				CLANG_CXX_LIBRARY = "libc++";
				CLANG_ENABLE_MODULES = YES;
				CLANG_ENABLE_OBJC_ARC = YES;
				CLANG_ENABLE_OBJC_WEAK = YES;
				CLANG_WARN_BLOCK_CAPTURE_AUTORELEASING = YES;
				CLANG_WARN_BOOL_CONVERSION = YES;
				CLANG_WARN_COMMA = YES;
				CLANG_WARN_CONSTANT_CONVERSION = YES;
				CLANG_WARN_DEPRECATED_OBJC_IMPLEMENTATIONS = YES;
				CLANG_WARN_DIRECT_OBJC_ISA_USAGE = YES_ERROR;
				CLANG_WARN_DOCUMENTATION_COMMENTS = YES;
				CLANG_WARN_EMPTY_BODY = YES;
				CLANG_WARN_ENUM_CONVERSION = YES;
				CLANG_WARN_INFINITE_RECURSION = YES;
				CLANG_WARN_INT_CONVERSION = YES;
				CLANG_WARN_NON_LITERAL_NULL_CONVERSION = YES;
				CLANG_WARN_OBJC_IMPLICIT_RETAIN_SELF = YES;
				CLANG_WARN_OBJC_LITERAL_CONVERSION = YES;
				CLANG_WARN_OBJC_ROOT_CLASS = YES_ERROR;
				CLANG_WARN_RANGE_LOOP_ANALYSIS = YES;
				CLANG_WARN_STRICT_PROTOTYPES = YES;
				CLANG_WARN_SUSPICIOUS_MOVE = YES;
				CLANG_WARN_UNGUARDED_AVAILABILITY = YES_AGGRESSIVE;
				CLANG_WARN_UNREACHABLE_CODE = YES;
				CLANG_WARN__DUPLICATE_METHOD_MATCH = YES;
				COPY_PHASE_STRIP = NO;
				DEBUG_INFORMATION_FORMAT = dwarf;
				ENABLE_STRICT_OBJC_MSGSEND = YES;
				ENABLE_TESTABILITY = YES;
				GCC_C_LANGUAGE_STANDARD = gnu11;
				GCC_DYNAMIC_NO_PIC = NO;
				GCC_NO_COMMON_BLOCKS = YES;
				GCC_OPTIMIZATION_LEVEL = 0;
				GCC_PREPROCESSOR_DEFINITIONS = (
					"DEBUG=1",
					"$(inherited)",
				);
				GCC_WARN_64_TO_32_BIT_CONVERSION = YES;
				GCC_WARN_ABOUT_RETURN_TYPE = YES_ERROR;
				GCC_WARN_UNDECLARED_SELECTOR = YES;
				GCC_WARN_UNINITIALIZED_AUTOS = YES_AGGRESSIVE;
				GCC_WARN_UNUSED_FUNCTION = YES;
				GCC_WARN_UNUSED_VARIABLE = YES;
				IPHONEOS_DEPLOYMENT_TARGET = 13.6;
				MTL_ENABLE_DEBUG_INFO = INCLUDE_SOURCE;
				MTL_FAST_MATH = YES;
				ONLY_ACTIVE_ARCH = YES;
				SDKROOT = iphoneos;
				SWIFT_ACTIVE_COMPILATION_CONDITIONS = DEBUG;
				SWIFT_OPTIMIZATION_LEVEL = "-Onone";
			};
			name = Debug;
		};
		839CB78C24CC727C0061D92E /* Release */ = {
			isa = XCBuildConfiguration;
			buildSettings = {
				ALWAYS_SEARCH_USER_PATHS = NO;
				CLANG_ANALYZER_NONNULL = YES;
				CLANG_ANALYZER_NUMBER_OBJECT_CONVERSION = YES_AGGRESSIVE;
				CLANG_CXX_LANGUAGE_STANDARD = "gnu++14";
				CLANG_CXX_LIBRARY = "libc++";
				CLANG_ENABLE_MODULES = YES;
				CLANG_ENABLE_OBJC_ARC = YES;
				CLANG_ENABLE_OBJC_WEAK = YES;
				CLANG_WARN_BLOCK_CAPTURE_AUTORELEASING = YES;
				CLANG_WARN_BOOL_CONVERSION = YES;
				CLANG_WARN_COMMA = YES;
				CLANG_WARN_CONSTANT_CONVERSION = YES;
				CLANG_WARN_DEPRECATED_OBJC_IMPLEMENTATIONS = YES;
				CLANG_WARN_DIRECT_OBJC_ISA_USAGE = YES_ERROR;
				CLANG_WARN_DOCUMENTATION_COMMENTS = YES;
				CLANG_WARN_EMPTY_BODY = YES;
				CLANG_WARN_ENUM_CONVERSION = YES;
				CLANG_WARN_INFINITE_RECURSION = YES;
				CLANG_WARN_INT_CONVERSION = YES;
				CLANG_WARN_NON_LITERAL_NULL_CONVERSION = YES;
				CLANG_WARN_OBJC_IMPLICIT_RETAIN_SELF = YES;
				CLANG_WARN_OBJC_LITERAL_CONVERSION = YES;
				CLANG_WARN_OBJC_ROOT_CLASS = YES_ERROR;
				CLANG_WARN_RANGE_LOOP_ANALYSIS = YES;
				CLANG_WARN_STRICT_PROTOTYPES = YES;
				CLANG_WARN_SUSPICIOUS_MOVE = YES;
				CLANG_WARN_UNGUARDED_AVAILABILITY = YES_AGGRESSIVE;
				CLANG_WARN_UNREACHABLE_CODE = YES;
				CLANG_WARN__DUPLICATE_METHOD_MATCH = YES;
				COPY_PHASE_STRIP = NO;
				DEBUG_INFORMATION_FORMAT = "dwarf-with-dsym";
				ENABLE_NS_ASSERTIONS = NO;
				ENABLE_STRICT_OBJC_MSGSEND = YES;
				GCC_C_LANGUAGE_STANDARD = gnu11;
				GCC_NO_COMMON_BLOCKS = YES;
				GCC_WARN_64_TO_32_BIT_CONVERSION = YES;
				GCC_WARN_ABOUT_RETURN_TYPE = YES_ERROR;
				GCC_WARN_UNDECLARED_SELECTOR = YES;
				GCC_WARN_UNINITIALIZED_AUTOS = YES_AGGRESSIVE;
				GCC_WARN_UNUSED_FUNCTION = YES;
				GCC_WARN_UNUSED_VARIABLE = YES;
				IPHONEOS_DEPLOYMENT_TARGET = 13.6;
				MTL_ENABLE_DEBUG_INFO = NO;
				MTL_FAST_MATH = YES;
				SDKROOT = iphoneos;
				SWIFT_COMPILATION_MODE = wholemodule;
				SWIFT_OPTIMIZATION_LEVEL = "-O";
				VALIDATE_PRODUCT = YES;
			};
			name = Release;
		};
		839CB78E24CC727C0061D92E /* Debug */ = {
			isa = XCBuildConfiguration;
			buildSettings = {
				ASSETCATALOG_COMPILER_APPICON_NAME = AppIcon;
				CODE_SIGN_STYLE = Automatic;
				DEVELOPMENT_ASSET_PATHS = "\"ColorPaletteSwiftUIDemo/Preview Content\"";
				DEVELOPMENT_TEAM = NQ25V2WSYR;
				ENABLE_PREVIEWS = YES;
				INFOPLIST_FILE = "$(SRCROOT)/ColorPaletteSwiftUIDemo/SupportingFiles/Info.plist";
				LD_RUNPATH_SEARCH_PATHS = (
					"$(inherited)",
					"@executable_path/Frameworks",
				);
				PRODUCT_BUNDLE_IDENTIFIER = ru.edlar.PaletteSwiftUIDemo;
				PRODUCT_NAME = ColorColorPaletteSwiftUIDemo;
				SWIFT_VERSION = 5.0;
				TARGETED_DEVICE_FAMILY = "1,2";
			};
			name = Debug;
		};
		839CB78F24CC727C0061D92E /* Release */ = {
			isa = XCBuildConfiguration;
			buildSettings = {
				ASSETCATALOG_COMPILER_APPICON_NAME = AppIcon;
				CODE_SIGN_STYLE = Automatic;
				DEVELOPMENT_ASSET_PATHS = "\"ColorPaletteSwiftUIDemo/Preview Content\"";
				DEVELOPMENT_TEAM = NQ25V2WSYR;
				ENABLE_PREVIEWS = YES;
				INFOPLIST_FILE = "$(SRCROOT)/ColorPaletteSwiftUIDemo/SupportingFiles/Info.plist";
				LD_RUNPATH_SEARCH_PATHS = (
					"$(inherited)",
					"@executable_path/Frameworks",
				);
				PRODUCT_BUNDLE_IDENTIFIER = ru.edlar.PaletteSwiftUIDemo;
				PRODUCT_NAME = ColorColorPaletteSwiftUIDemo;
				SWIFT_VERSION = 5.0;
				TARGETED_DEVICE_FAMILY = "1,2";
			};
			name = Release;
		};
/* End XCBuildConfiguration section */

/* Begin XCConfigurationList section */
		839CB77424CC72790061D92E /* Build configuration list for PBXProject "ColorPaletteSwiftUIDemo" */ = {
			isa = XCConfigurationList;
			buildConfigurations = (
				839CB78B24CC727C0061D92E /* Debug */,
				839CB78C24CC727C0061D92E /* Release */,
			);
			defaultConfigurationIsVisible = 0;
			defaultConfigurationName = Release;
		};
		839CB78D24CC727C0061D92E /* Build configuration list for PBXNativeTarget "ColorPaletteSwiftUIDemo" */ = {
			isa = XCConfigurationList;
			buildConfigurations = (
				839CB78E24CC727C0061D92E /* Debug */,
				839CB78F24CC727C0061D92E /* Release */,
			);
			defaultConfigurationIsVisible = 0;
			defaultConfigurationName = Release;
		};
/* End XCConfigurationList section */
	};
	rootObject = 839CB77124CC72790061D92E /* Project object */;
}
